
Microsoft Visual Studio Solution File, Format Version 12.00
# Visual Studio Version 17
VisualStudioVersion = 17.7.34031.279
MinimumVisualStudioVersion = 10.0.40219.1
Project("{9A19103F-16F7-4668-BE54-9A1E7A4F7556}") = "AlgorythmsLab-3", "AlgorythmsLab-3\AlgorythmsLab-3.csproj", "{5CDD461D-DBA4-43BE-B8F2-6228670258B1}"
EndProject
Global
	GlobalSection(SolutionConfigurationPlatforms) = preSolution
		Debug|Any CPU = Debug|Any CPU
		Release|Any CPU = Release|Any CPU
	EndGlobalSection
	GlobalSection(ProjectConfigurationPlatforms) = postSolution
		{5CDD461D-DBA4-43BE-B8F2-6228670258B1}.Debug|Any CPU.ActiveCfg = Debug|Any CPU
		{5CDD461D-DBA4-43BE-B8F2-6228670258B1}.Debug|Any CPU.Build.0 = Debug|Any CPU
		{5CDD461D-DBA4-43BE-B8F2-6228670258B1}.Release|Any CPU.ActiveCfg = Release|Any CPU
		{5CDD461D-DBA4-43BE-B8F2-6228670258B1}.Release|Any CPU.Build.0 = Release|Any CPU
	EndGlobalSection
	GlobalSection(SolutionProperties) = preSolution
		HideSolutionNode = FALSE
	EndGlobalSection
	GlobalSection(ExtensibilityGlobals) = postSolution
		SolutionGuid = {48A11C4A-4936-43EC-8642-33105081D6E7}
	EndGlobalSection
EndGlobal
